
Microsoft Visual Studio Solution File, Format Version 12.00
# Visual Studio Version 17
VisualStudioVersion = 17.9.34622.214
MinimumVisualStudioVersion = 10.0.40219.1
Project("{9A19103F-16F7-4668-BE54-9A1E7A4F7556}") = "mmDailyPlanner.Server", "mmDailyPlanner.Server\mmDailyPlanner.Server.csproj", "{31FB5BE3-D822-4ADB-8409-67C8170D793C}"
EndProject
Project("{54A90642-561A-4BB1-A94E-469ADEE60C69}") = "mmdailyplanner.client", "mmdailyplanner.client\mmdailyplanner.client.esproj", "{5290808F-E992-4AC6-A10B-C187ED57E30D}"
EndProject
Project("{FAE04EC0-301F-11D3-BF4B-00C04F79EFBC}") = "mmDailyPlanner.Tests", "mmDailyPlanner.Tests\mmDailyPlanner.Tests.csproj", "{FEDD410C-A054-4A4D-B28B-D5F4AA834285}"
EndProject
Global
	GlobalSection(SolutionConfigurationPlatforms) = preSolution
		Debug|Any CPU = Debug|Any CPU
		Release|Any CPU = Release|Any CPU
	EndGlobalSection
	GlobalSection(ProjectConfigurationPlatforms) = postSolution
		{31FB5BE3-D822-4ADB-8409-67C8170D793C}.Debug|Any CPU.ActiveCfg = Debug|Any CPU
		{31FB5BE3-D822-4ADB-8409-67C8170D793C}.Debug|Any CPU.Build.0 = Debug|Any CPU
		{31FB5BE3-D822-4ADB-8409-67C8170D793C}.Release|Any CPU.ActiveCfg = Release|Any CPU
		{31FB5BE3-D822-4ADB-8409-67C8170D793C}.Release|Any CPU.Build.0 = Release|Any CPU
		{5290808F-E992-4AC6-A10B-C187ED57E30D}.Debug|Any CPU.ActiveCfg = Debug|Any CPU
		{5290808F-E992-4AC6-A10B-C187ED57E30D}.Debug|Any CPU.Build.0 = Debug|Any CPU
		{5290808F-E992-4AC6-A10B-C187ED57E30D}.Debug|Any CPU.Deploy.0 = Debug|Any CPU
		{5290808F-E992-4AC6-A10B-C187ED57E30D}.Release|Any CPU.ActiveCfg = Release|Any CPU
		{5290808F-E992-4AC6-A10B-C187ED57E30D}.Release|Any CPU.Build.0 = Release|Any CPU
		{5290808F-E992-4AC6-A10B-C187ED57E30D}.Release|Any CPU.Deploy.0 = Release|Any CPU
		{FEDD410C-A054-4A4D-B28B-D5F4AA834285}.Debug|Any CPU.ActiveCfg = Debug|Any CPU
		{FEDD410C-A054-4A4D-B28B-D5F4AA834285}.Debug|Any CPU.Build.0 = Debug|Any CPU
		{FEDD410C-A054-4A4D-B28B-D5F4AA834285}.Release|Any CPU.ActiveCfg = Release|Any CPU
		{FEDD410C-A054-4A4D-B28B-D5F4AA834285}.Release|Any CPU.Build.0 = Release|Any CPU
	EndGlobalSection
	GlobalSection(SolutionProperties) = preSolution
		HideSolutionNode = FALSE
	EndGlobalSection
	GlobalSection(ExtensibilityGlobals) = postSolution
		SolutionGuid = {5BD82CA6-3A7B-45FC-A01C-B1D968C9CE63}
	EndGlobalSection
EndGlobal
